
Microsoft Visual Studio Solution File, Format Version 12.00
# Visual Studio Version 17
VisualStudioVersion = 17.6.33801.468
MinimumVisualStudioVersion = 10.0.40219.1
Project("{FAE04EC0-301F-11D3-BF4B-00C04F79EFBC}") = "POC-Project", "POC-Project\POC-Project.csproj", "{A35D3EBB-F70D-46A2-9577-29A401E95613}"
EndProject
Global
	GlobalSection(SolutionConfigurationPlatforms) = preSolution
		Debug|Any CPU = Debug|Any CPU
		Release|Any CPU = Release|Any CPU
	EndGlobalSection
	GlobalSection(ProjectConfigurationPlatforms) = postSolution
		{A35D3EBB-F70D-46A2-9577-29A401E95613}.Debug|Any CPU.ActiveCfg = Debug|Any CPU
		{A35D3EBB-F70D-46A2-9577-29A401E95613}.Debug|Any CPU.Build.0 = Debug|Any CPU
		{A35D3EBB-F70D-46A2-9577-29A401E95613}.Release|Any CPU.ActiveCfg = Release|Any CPU
		{A35D3EBB-F70D-46A2-9577-29A401E95613}.Release|Any CPU.Build.0 = Release|Any CPU
	EndGlobalSection
	GlobalSection(SolutionProperties) = preSolution
		HideSolutionNode = FALSE
	EndGlobalSection
	GlobalSection(ExtensibilityGlobals) = postSolution
		SolutionGuid = {0B721147-2316-4FC1-BCF8-0D20BDCDB18C}
	EndGlobalSection
EndGlobal
